// !$*UTF8*$!
{
	archiveVersion = 1;
	classes = {
	};
	objectVersion = 46;
	objects = {

/* Begin PBXBuildFile section */
		AB83950A25B4B4DA001D8E16 /* IOKit.framework in Frameworks */ = {isa = PBXBuildFile; fileRef = AB66BE3125B4AE2C00943C69 /* IOKit.framework */; };
		AB83952A25B4B69B001D8E16 /* DirectHW.h in Headers */ = {isa = PBXBuildFile; fileRef = FD12A6710E9235DB004BBD7B /* DirectHW.h */; settings = {ATTRIBUTES = (Public, ); }; };
		AB83953125B4B6A1001D8E16 /* DirectHW.c in Sources */ = {isa = PBXBuildFile; fileRef = FD12A6700E9235DB004BBD7B /* DirectHW.c */; };
		AB83953525B4B6A5001D8E16 /* IOKit.framework in Frameworks */ = {isa = PBXBuildFile; fileRef = AB66BE3125B4AE2C00943C69 /* IOKit.framework */; };
		FDC4F2BC0E923E0C0006B2A5 /* DirectHW.h in Headers */ = {isa = PBXBuildFile; fileRef = FD12A6710E9235DB004BBD7B /* DirectHW.h */; settings = {ATTRIBUTES = (Public, ); }; };
		FDC4F2BD0E923E100006B2A5 /* DirectHW.c in Sources */ = {isa = PBXBuildFile; fileRef = FD12A6700E9235DB004BBD7B /* DirectHW.c */; };
/* End PBXBuildFile section */

/* Begin PBXFileReference section */
		AB66BE3125B4AE2C00943C69 /* IOKit.framework */ = {isa = PBXFileReference; lastKnownFileType = wrapper.framework; name = IOKit.framework; path = ../../../../../../System/Library/Frameworks/IOKit.framework; sourceTree = "<group>"; };
		AB83952325B4B678001D8E16 /* libDirectHW.a */ = {isa = PBXFileReference; explicitFileType = archive.ar; includeInIndex = 0; path = libDirectHW.a; sourceTree = BUILT_PRODUCTS_DIR; };
		FD12A6700E9235DB004BBD7B /* DirectHW.c */ = {isa = PBXFileReference; fileEncoding = 4; lastKnownFileType = sourcecode.c.c; path = DirectHW.c; sourceTree = "<group>"; };
		FD12A6710E9235DB004BBD7B /* DirectHW.h */ = {isa = PBXFileReference; fileEncoding = 4; lastKnownFileType = sourcecode.c.h; path = DirectHW.h; sourceTree = "<group>"; };
		FDC4F1CB0E923CB30006B2A5 /* DirectHW-Framework-Info.plist */ = {isa = PBXFileReference; lastKnownFileType = text.plist.xml; path = "DirectHW-Framework-Info.plist"; sourceTree = "<group>"; };
		FDC4F2B50E923DF00006B2A5 /* DirectHW.framework */ = {isa = PBXFileReference; explicitFileType = wrapper.framework; includeInIndex = 0; path = DirectHW.framework; sourceTree = BUILT_PRODUCTS_DIR; };
/* End PBXFileReference section */

/* Begin PBXFrameworksBuildPhase section */
		AB83952125B4B678001D8E16 /* Frameworks */ = {
			isa = PBXFrameworksBuildPhase;
			buildActionMask = 2147483647;
			files = (
				AB83953525B4B6A5001D8E16 /* IOKit.framework in Frameworks */,
			);
			runOnlyForDeploymentPostprocessing = 0;
		};
		FDC4F2B30E923DF00006B2A5 /* Frameworks */ = {
			isa = PBXFrameworksBuildPhase;
			buildActionMask = 2147483647;
			files = (
				AB83950A25B4B4DA001D8E16 /* IOKit.framework in Frameworks */,
			);
			runOnlyForDeploymentPostprocessing = 0;
		};
/* End PBXFrameworksBuildPhase section */

/* Begin PBXGroup section */
		5D9932890D0F94EE00760F43 = {
			isa = PBXGroup;
			children = (
				AB66BE3225B4AE4200943C69 /* Resources */,
				AB66BE3025B4AE2600943C69 /* Frameworks */,
				5D9932940D0F94F500760F43 /* Source Userspace */,
				5D99329C0D0F952400760F43 /* Products */,
			);
			sourceTree = "<group>";
		};
		5D9932940D0F94F500760F43 /* Source Userspace */ = {
			isa = PBXGroup;
			children = (
				FD12A6700E9235DB004BBD7B /* DirectHW.c */,
				FD12A6710E9235DB004BBD7B /* DirectHW.h */,
			);
			name = "Source Userspace";
			sourceTree = "<group>";
		};
		5D99329C0D0F952400760F43 /* Products */ = {
			isa = PBXGroup;
			children = (
				FDC4F2B50E923DF00006B2A5 /* DirectHW.framework */,
				AB83952325B4B678001D8E16 /* libDirectHW.a */,
			);
			name = Products;
			sourceTree = "<group>";
		};
		AB66BE3025B4AE2600943C69 /* Frameworks */ = {
			isa = PBXGroup;
			children = (
				AB66BE3125B4AE2C00943C69 /* IOKit.framework */,
			);
			name = Frameworks;
			sourceTree = "<group>";
		};
		AB66BE3225B4AE4200943C69 /* Resources */ = {
			isa = PBXGroup;
			children = (
				FDC4F1CB0E923CB30006B2A5 /* DirectHW-Framework-Info.plist */,
			);
			name = Resources;
			sourceTree = "<group>";
		};
/* End PBXGroup section */

/* Begin PBXHeadersBuildPhase section */
		AB83951F25B4B678001D8E16 /* Headers */ = {
			isa = PBXHeadersBuildPhase;
			buildActionMask = 2147483647;
			files = (
				AB83952A25B4B69B001D8E16 /* DirectHW.h in Headers */,
			);
			runOnlyForDeploymentPostprocessing = 0;
		};
		FDC4F2B00E923DF00006B2A5 /* Headers */ = {
			isa = PBXHeadersBuildPhase;
			buildActionMask = 2147483647;
			files = (
				FDC4F2BC0E923E0C0006B2A5 /* DirectHW.h in Headers */,
			);
			runOnlyForDeploymentPostprocessing = 0;
		};
/* End PBXHeadersBuildPhase section */

/* Begin PBXNativeTarget section */
		AB83952225B4B678001D8E16 /* libDirectHW */ = {
			isa = PBXNativeTarget;
			buildConfigurationList = AB83952425B4B678001D8E16 /* Build configuration list for PBXNativeTarget "libDirectHW" */;
			buildPhases = (
				AB83952025B4B678001D8E16 /* Sources */,
				AB83952125B4B678001D8E16 /* Frameworks */,
				AB83951F25B4B678001D8E16 /* Headers */,
			);
			buildRules = (
			);
			dependencies = (
			);
			name = libDirectHW;
			productName = libDirectHW;
			productReference = AB83952325B4B678001D8E16 /* libDirectHW.a */;
			productType = "com.apple.product-type.library.static";
		};
		FDC4F2B40E923DF00006B2A5 /* DirectHW */ = {
			isa = PBXNativeTarget;
			buildConfigurationList = FDC4F2C00E923E2B0006B2A5 /* Build configuration list for PBXNativeTarget "DirectHW" */;
			buildPhases = (
				FDC4F2B20E923DF00006B2A5 /* Sources */,
				FDC4F2B30E923DF00006B2A5 /* Frameworks */,
				FDC4F2B00E923DF00006B2A5 /* Headers */,
				FDC4F2B10E923DF00006B2A5 /* Resources */,
			);
			buildRules = (
			);
			dependencies = (
			);
			name = DirectHW;
			productName = DirectHW;
			productReference = FDC4F2B50E923DF00006B2A5 /* DirectHW.framework */;
			productType = "com.apple.product-type.framework";
		};
/* End PBXNativeTarget section */

/* Begin PBXProject section */
		5D99328B0D0F94EE00760F43 /* Project object */ = {
			isa = PBXProject;
			attributes = {
				LastUpgradeCheck = 1310;
				TargetAttributes = {
					AB83952225B4B678001D8E16 = {
						CreatedOnToolsVersion = 12.3;
						DevelopmentTeam = YZAQ856TTM;
						ProvisioningStyle = Automatic;
					};
					FDC4F2B40E923DF00006B2A5 = {
						ProvisioningStyle = Manual;
					};
				};
			};
			buildConfigurationList = 5D99328E0D0F94EE00760F43 /* Build configuration list for PBXProject "DirectHW" */;
			compatibilityVersion = "Xcode 3.2";
			developmentRegion = en;
			hasScannedForEncodings = 0;
			knownRegions = (
				en,
				Base,
			);
			mainGroup = 5D9932890D0F94EE00760F43;
			productRefGroup = 5D99329C0D0F952400760F43 /* Products */;
			projectDirPath = "";
			projectRoot = "";
			targets = (
				FDC4F2B40E923DF00006B2A5 /* DirectHW */,
				AB83952225B4B678001D8E16 /* libDirectHW */,
			);
		};
/* End PBXProject section */

/* Begin PBXResourcesBuildPhase section */
		FDC4F2B10E923DF00006B2A5 /* Resources */ = {
			isa = PBXResourcesBuildPhase;
			buildActionMask = 2147483647;
			files = (
			);
			runOnlyForDeploymentPostprocessing = 0;
		};
/* End PBXResourcesBuildPhase section */

/* Begin PBXSourcesBuildPhase section */
		AB83952025B4B678001D8E16 /* Sources */ = {
			isa = PBXSourcesBuildPhase;
			buildActionMask = 2147483647;
			files = (
				AB83953125B4B6A1001D8E16 /* DirectHW.c in Sources */,
			);
			runOnlyForDeploymentPostprocessing = 0;
		};
		FDC4F2B20E923DF00006B2A5 /* Sources */ = {
			isa = PBXSourcesBuildPhase;
			buildActionMask = 2147483647;
			files = (
				FDC4F2BD0E923E100006B2A5 /* DirectHW.c in Sources */,
			);
			runOnlyForDeploymentPostprocessing = 0;
		};
/* End PBXSourcesBuildPhase section */

/* Begin XCBuildConfiguration section */
		5D99328C0D0F94EE00760F43 /* Debug */ = {
			isa = XCBuildConfiguration;
			buildSettings = {
				ALWAYS_SEARCH_USER_PATHS = NO;
				ARCHS = x86_64;
				CLANG_ANALYZER_LOCALIZABILITY_NONLOCALIZED = YES;
				CLANG_ANALYZER_SECURITY_FLOATLOOPCOUNTER = YES;
				CLANG_ANALYZER_SECURITY_INSECUREAPI_RAND = YES;
				CLANG_ANALYZER_SECURITY_INSECUREAPI_STRCPY = YES;
				CLANG_CXX_LANGUAGE_STANDARD = "gnu++17";
				CLANG_STATIC_ANALYZER_MODE = deep;
				CLANG_UNDEFINED_BEHAVIOR_SANITIZER_INTEGER = YES;
				CLANG_UNDEFINED_BEHAVIOR_SANITIZER_NULLABILITY = YES;
				CLANG_WARN_BLOCK_CAPTURE_AUTORELEASING = YES;
				CLANG_WARN_BOOL_CONVERSION = YES;
				CLANG_WARN_COMMA = YES;
				CLANG_WARN_CONSTANT_CONVERSION = YES;
				CLANG_WARN_DEPRECATED_OBJC_IMPLEMENTATIONS = YES;
				CLANG_WARN_DIRECT_OBJC_ISA_USAGE = YES_ERROR;
				CLANG_WARN_EMPTY_BODY = YES;
				CLANG_WARN_ENUM_CONVERSION = YES;
				CLANG_WARN_INFINITE_RECURSION = YES;
				CLANG_WARN_INT_CONVERSION = YES;
				CLANG_WARN_NON_LITERAL_NULL_CONVERSION = YES;
				CLANG_WARN_OBJC_IMPLICIT_RETAIN_SELF = YES;
				CLANG_WARN_OBJC_LITERAL_CONVERSION = YES;
				CLANG_WARN_OBJC_ROOT_CLASS = YES_ERROR;
				CLANG_WARN_QUOTED_INCLUDE_IN_FRAMEWORK_HEADER = YES;
				CLANG_WARN_RANGE_LOOP_ANALYSIS = YES;
				CLANG_WARN_STRICT_PROTOTYPES = YES;
				CLANG_WARN_SUSPICIOUS_MOVE = YES;
				CLANG_WARN_UNREACHABLE_CODE = YES;
				CLANG_WARN__DUPLICATE_METHOD_MATCH = YES;
				COPY_PHASE_STRIP = NO;
				DEBUG_INFORMATION_FORMAT = "dwarf-with-dsym";
				ENABLE_STRICT_OBJC_MSGSEND = YES;
				ENABLE_TESTABILITY = YES;
				GCC_NO_COMMON_BLOCKS = YES;
				GCC_OPTIMIZATION_LEVEL = 0;
				GCC_PREPROCESSOR_DEFINITIONS = (
					"DEBUG=1",
					"$(inherited)",
				);
				GCC_REUSE_STRINGS = NO;
				GCC_SYMBOLS_PRIVATE_EXTERN = YES;
				GCC_WARN_64_TO_32_BIT_CONVERSION = YES;
				GCC_WARN_ABOUT_RETURN_TYPE = YES_ERROR;
				GCC_WARN_UNDECLARED_SELECTOR = YES;
				GCC_WARN_UNINITIALIZED_AUTOS = YES_AGGRESSIVE;
				GCC_WARN_UNUSED_FUNCTION = YES;
				GCC_WARN_UNUSED_LABEL = YES;
				GCC_WARN_UNUSED_PARAMETER = YES;
				GCC_WARN_UNUSED_VARIABLE = YES;
				GENERATE_PKGINFO_FILE = YES;
				INFOPLIST_FILE = "DirectHW-Info.plist";
				KEEP_PRIVATE_EXTERNS = YES;
				MACOSX_DEPLOYMENT_TARGET = 11.5;
				ONLY_ACTIVE_ARCH = NO;
				OTHER_CPLUSPLUSFLAGS = (
					"-DDEBUG_KEXT=1",
					"-DDEBUG=1",
					"$(OTHER_CFLAGS)",
				);
				RUN_CLANG_STATIC_ANALYZER = YES;
				SCAN_ALL_SOURCE_FILES_FOR_INCLUDES = YES;
				SDKROOT = macosx;
				STRIP_INSTALLED_PRODUCT = NO;
				USE_HEADERMAP = NO;
			};
			name = Debug;
		};
		5D99328D0D0F94EE00760F43 /* Release */ = {
			isa = XCBuildConfiguration;
			buildSettings = {
				ALWAYS_SEARCH_USER_PATHS = NO;
				ARCHS = x86_64;
				CLANG_ANALYZER_LOCALIZABILITY_NONLOCALIZED = YES;
				CLANG_ANALYZER_SECURITY_FLOATLOOPCOUNTER = YES;
				CLANG_ANALYZER_SECURITY_INSECUREAPI_RAND = YES;
				CLANG_ANALYZER_SECURITY_INSECUREAPI_STRCPY = YES;
				CLANG_CXX_LANGUAGE_STANDARD = "gnu++17";
				CLANG_ENABLE_MODULE_DEBUGGING = NO;
				CLANG_UNDEFINED_BEHAVIOR_SANITIZER_INTEGER = YES;
				CLANG_UNDEFINED_BEHAVIOR_SANITIZER_NULLABILITY = YES;
				CLANG_WARN_BLOCK_CAPTURE_AUTORELEASING = YES;
				CLANG_WARN_BOOL_CONVERSION = YES;
				CLANG_WARN_COMMA = YES;
				CLANG_WARN_CONSTANT_CONVERSION = YES;
				CLANG_WARN_DEPRECATED_OBJC_IMPLEMENTATIONS = YES;
				CLANG_WARN_DIRECT_OBJC_ISA_USAGE = YES_ERROR;
				CLANG_WARN_EMPTY_BODY = YES;
				CLANG_WARN_ENUM_CONVERSION = YES;
				CLANG_WARN_INFINITE_RECURSION = YES;
				CLANG_WARN_INT_CONVERSION = YES;
				CLANG_WARN_NON_LITERAL_NULL_CONVERSION = YES;
				CLANG_WARN_OBJC_IMPLICIT_RETAIN_SELF = YES;
				CLANG_WARN_OBJC_LITERAL_CONVERSION = YES;
				CLANG_WARN_OBJC_ROOT_CLASS = YES_ERROR;
				CLANG_WARN_QUOTED_INCLUDE_IN_FRAMEWORK_HEADER = YES;
				CLANG_WARN_RANGE_LOOP_ANALYSIS = YES;
				CLANG_WARN_STRICT_PROTOTYPES = YES;
				CLANG_WARN_SUSPICIOUS_MOVE = YES;
				CLANG_WARN_UNREACHABLE_CODE = YES;
				CLANG_WARN__DUPLICATE_METHOD_MATCH = YES;
				DEBUG_INFORMATION_FORMAT = "dwarf-with-dsym";
				ENABLE_STRICT_OBJC_MSGSEND = YES;
				GCC_GENERATE_DEBUGGING_SYMBOLS = NO;
				GCC_INLINES_ARE_PRIVATE_EXTERN = YES;
				GCC_NO_COMMON_BLOCKS = YES;
				GCC_OPTIMIZATION_LEVEL = 3;
				GCC_SYMBOLS_PRIVATE_EXTERN = YES;
				GCC_UNROLL_LOOPS = YES;
				GCC_WARN_64_TO_32_BIT_CONVERSION = YES;
				GCC_WARN_ABOUT_RETURN_TYPE = YES_ERROR;
				GCC_WARN_UNDECLARED_SELECTOR = YES;
				GCC_WARN_UNINITIALIZED_AUTOS = YES_AGGRESSIVE;
				GCC_WARN_UNUSED_FUNCTION = YES;
				GCC_WARN_UNUSED_LABEL = YES;
				GCC_WARN_UNUSED_PARAMETER = YES;
				GCC_WARN_UNUSED_VARIABLE = YES;
				GENERATE_PKGINFO_FILE = YES;
				INFOPLIST_FILE = "DirectHW-Info.plist";
				LLVM_LTO = YES_THIN;
				MACOSX_DEPLOYMENT_TARGET = 11.5;
				ONLY_ACTIVE_ARCH = NO;
				SCAN_ALL_SOURCE_FILES_FOR_INCLUDES = YES;
				SDKROOT = macosx;
				USE_HEADERMAP = NO;
			};
			name = Release;
		};
		AB83952525B4B678001D8E16 /* Debug */ = {
			isa = XCBuildConfiguration;
			buildSettings = {
				ALWAYS_SEARCH_USER_PATHS = NO;
				CLANG_ANALYZER_NONNULL = YES;
				CLANG_ANALYZER_NUMBER_OBJECT_CONVERSION = YES_AGGRESSIVE;
				CLANG_CXX_LANGUAGE_STANDARD = "gnu++14";
				CLANG_CXX_LIBRARY = "libc++";
				CLANG_ENABLE_MODULES = YES;
				CLANG_ENABLE_OBJC_ARC = YES;
				CLANG_ENABLE_OBJC_WEAK = YES;
				CLANG_WARN_DIRECT_OBJC_ISA_USAGE = YES_ERROR;
				CLANG_WARN_DOCUMENTATION_COMMENTS = YES;
				CLANG_WARN_OBJC_ROOT_CLASS = YES_ERROR;
				CLANG_WARN_UNGUARDED_AVAILABILITY = YES_AGGRESSIVE;
				COPY_PHASE_STRIP = YES;
				DEBUG_INFORMATION_FORMAT = dwarf;
				EXECUTABLE_PREFIX = lib;
				GCC_C_LANGUAGE_STANDARD = gnu11;
				GCC_DYNAMIC_NO_PIC = NO;
				GCC_NO_COMMON_BLOCKS = YES;
				GCC_PREPROCESSOR_DEFINITIONS = (
					"DEBUG=1",
					"$(inherited)",
				);
				GCC_WARN_ABOUT_RETURN_TYPE = YES_ERROR;
				GCC_WARN_UNINITIALIZED_AUTOS = YES_AGGRESSIVE;
				INSTALL_PATH = "";
				MTL_ENABLE_DEBUG_INFO = INCLUDE_SOURCE;
				MTL_FAST_MATH = YES;
				PRODUCT_MODULE_NAME = DirectHW;
				PRODUCT_NAME = DirectHW;
				SKIP_INSTALL = NO;
				STRIP_INSTALLED_PRODUCT = YES;
			};
			name = Debug;
		};
		AB83952625B4B678001D8E16 /* Release */ = {
			isa = XCBuildConfiguration;
			buildSettings = {
				ALWAYS_SEARCH_USER_PATHS = NO;
				CLANG_ANALYZER_NONNULL = YES;
				CLANG_ANALYZER_NUMBER_OBJECT_CONVERSION = YES_AGGRESSIVE;
				CLANG_CXX_LANGUAGE_STANDARD = "gnu++14";
				CLANG_CXX_LIBRARY = "libc++";
				CLANG_ENABLE_MODULES = YES;
				CLANG_ENABLE_OBJC_ARC = YES;
				CLANG_ENABLE_OBJC_WEAK = YES;
				CLANG_WARN_DIRECT_OBJC_ISA_USAGE = YES_ERROR;
				CLANG_WARN_DOCUMENTATION_COMMENTS = YES;
				CLANG_WARN_OBJC_ROOT_CLASS = YES_ERROR;
				CLANG_WARN_UNGUARDED_AVAILABILITY = YES_AGGRESSIVE;
				COPY_PHASE_STRIP = YES;
				DEBUG_INFORMATION_FORMAT = dwarf;
				ENABLE_NS_ASSERTIONS = NO;
				EXECUTABLE_PREFIX = lib;
				GCC_C_LANGUAGE_STANDARD = gnu11;
				GCC_WARN_ABOUT_RETURN_TYPE = YES_ERROR;
				GCC_WARN_UNINITIALIZED_AUTOS = YES_AGGRESSIVE;
				INSTALL_PATH = "";
				MTL_ENABLE_DEBUG_INFO = NO;
				MTL_FAST_MATH = YES;
				PRODUCT_MODULE_NAME = DirectHW;
				PRODUCT_NAME = DirectHW;
				SKIP_INSTALL = NO;
			};
			name = Release;
		};
		FDC4F2B60E923DF00006B2A5 /* Debug */ = {
			isa = XCBuildConfiguration;
			buildSettings = {
				CLANG_ENABLE_OBJC_WEAK = YES;
				CODE_SIGN_IDENTITY = "Apple Development";
				CODE_SIGN_STYLE = Manual;
				COPY_PHASE_STRIP = YES;
				CURRENT_PROJECT_VERSION = 1.5.0;
				DEBUG_INFORMATION_FORMAT = dwarf;
				DEVELOPMENT_TEAM = "";
				DYLIB_COMPATIBILITY_VERSION = 1;
				DYLIB_CURRENT_VERSION = 1;
				FRAMEWORK_VERSION = A;
				GCC_DYNAMIC_NO_PIC = NO;
				GCC_OPTIMIZATION_LEVEL = 0;
				GCC_PRECOMPILE_PREFIX_HEADER = YES;
				GCC_PREPROCESSOR_DEFINITIONS = (
					"MODULE_VERSION=$(MODULE_VERSION)",
					"PRODUCT_NAME=$(PRODUCT_NAME)",
					"$(inherited)",
				);
				INFOPLIST_FILE = "DirectHW-Framework-Info.plist";
				INSTALL_PATH = "";
				IPHONEOS_DEPLOYMENT_TARGET = "";
				KEEP_PRIVATE_EXTERNS = NO;
				MARKETING_VERSION = 1.5.0;
				OTHER_LDFLAGS = "";
				PRODUCT_BUNDLE_IDENTIFIER = com.coresystems.DirectHW;
				PRODUCT_NAME = DirectHW;
				PROVISIONING_PROFILE_SPECIFIER = "";
				STRIP_INSTALLED_PRODUCT = YES;
				TARGETED_DEVICE_FAMILY = "";
				TVOS_DEPLOYMENT_TARGET = "";
				WATCHOS_DEPLOYMENT_TARGET = "";
			};
			name = Debug;
		};
		FDC4F2B70E923DF00006B2A5 /* Release */ = {
			isa = XCBuildConfiguration;
			buildSettings = {
				CLANG_ENABLE_OBJC_WEAK = YES;
				CODE_SIGN_IDENTITY = "Apple Development";
				CODE_SIGN_STYLE = Manual;
				COPY_PHASE_STRIP = YES;
				CURRENT_PROJECT_VERSION = 1.5.0;
				DEBUG_INFORMATION_FORMAT = dwarf;
				DEVELOPMENT_TEAM = "";
				DYLIB_COMPATIBILITY_VERSION = 1;
				DYLIB_CURRENT_VERSION = 1;
				FRAMEWORK_VERSION = A;
				GCC_PRECOMPILE_PREFIX_HEADER = YES;
				GCC_PREPROCESSOR_DEFINITIONS = (
					"MODULE_VERSION=$(MODULE_VERSION)",
					"PRODUCT_NAME=$(PRODUCT_NAME)",
				);
				INFOPLIST_FILE = "DirectHW-Framework-Info.plist";
				INSTALL_PATH = "";
				IPHONEOS_DEPLOYMENT_TARGET = "";
				KEEP_PRIVATE_EXTERNS = NO;
				MARKETING_VERSION = 1.5.0;
				OTHER_LDFLAGS = "";
				PRODUCT_BUNDLE_IDENTIFIER = com.coresystems.DirectHW;
				PRODUCT_NAME = DirectHW;
				PROVISIONING_PROFILE_SPECIFIER = "";
				STRIP_INSTALLED_PRODUCT = YES;
				TARGETED_DEVICE_FAMILY = "";
				TVOS_DEPLOYMENT_TARGET = "";
				WATCHOS_DEPLOYMENT_TARGET = "";
			};
			name = Release;
		};
/* End XCBuildConfiguration section */

/* Begin XCConfigurationList section */
		5D99328E0D0F94EE00760F43 /* Build configuration list for PBXProject "DirectHW" */ = {
			isa = XCConfigurationList;
			buildConfigurations = (
				5D99328C0D0F94EE00760F43 /* Debug */,
				5D99328D0D0F94EE00760F43 /* Release */,
			);
			defaultConfigurationIsVisible = 0;
			defaultConfigurationName = Release;
		};
		AB83952425B4B678001D8E16 /* Build configuration list for PBXNativeTarget "libDirectHW" */ = {
			isa = XCConfigurationList;
			buildConfigurations = (
				AB83952525B4B678001D8E16 /* Debug */,
				AB83952625B4B678001D8E16 /* Release */,
			);
			defaultConfigurationIsVisible = 0;
			defaultConfigurationName = Release;
		};
		FDC4F2C00E923E2B0006B2A5 /* Build configuration list for PBXNativeTarget "DirectHW" */ = {
			isa = XCConfigurationList;
			buildConfigurations = (
				FDC4F2B60E923DF00006B2A5 /* Debug */,
				FDC4F2B70E923DF00006B2A5 /* Release */,
			);
			defaultConfigurationIsVisible = 0;
			defaultConfigurationName = Release;
		};
/* End XCConfigurationList section */
	};
	rootObject = 5D99328B0D0F94EE00760F43 /* Project object */;
}
